
Microsoft Visual Studio Solution File, Format Version 12.00
# Visual Studio Version 16
VisualStudioVersion = 16.0.30907.101
MinimumVisualStudioVersion = 10.0.40219.1
Project("{9A19103F-16F7-4668-BE54-9A1E7A4F7556}") = "Strutture selettive (espressioni condizionali)", "Strutture selettive (espressioni condizionali).csproj", "{70FDA022-238F-41DA-B1D1-DA9A417C05F3}"
EndProject
Global
	GlobalSection(SolutionConfigurationPlatforms) = preSolution
		Debug|Any CPU = Debug|Any CPU
		Release|Any CPU = Release|Any CPU
	EndGlobalSection
	GlobalSection(ProjectConfigurationPlatforms) = postSolution
		{70FDA022-238F-41DA-B1D1-DA9A417C05F3}.Debug|Any CPU.ActiveCfg = Debug|Any CPU
		{70FDA022-238F-41DA-B1D1-DA9A417C05F3}.Debug|Any CPU.Build.0 = Debug|Any CPU
		{70FDA022-238F-41DA-B1D1-DA9A417C05F3}.Release|Any CPU.ActiveCfg = Release|Any CPU
		{70FDA022-238F-41DA-B1D1-DA9A417C05F3}.Release|Any CPU.Build.0 = Release|Any CPU
	EndGlobalSection
	GlobalSection(SolutionProperties) = preSolution
		HideSolutionNode = FALSE
	EndGlobalSection
	GlobalSection(ExtensibilityGlobals) = postSolution
		SolutionGuid = {911C3C0B-8C51-4F30-8700-F27462A96BA9}
	EndGlobalSection
EndGlobal
