
Microsoft Visual Studio Solution File, Format Version 12.00
# Visual Studio Version 16
VisualStudioVersion = 16.0.30907.101
MinimumVisualStudioVersion = 10.0.40219.1
Project("{FAE04EC0-301F-11D3-BF4B-00C04F79EFBC}") = "Trovare N", "Trovare N.csproj", "{51C86850-0B63-488A-B767-139F5E69E591}"
EndProject
Global
	GlobalSection(SolutionConfigurationPlatforms) = preSolution
		Debug|Any CPU = Debug|Any CPU
		Release|Any CPU = Release|Any CPU
	EndGlobalSection
	GlobalSection(ProjectConfigurationPlatforms) = postSolution
		{51C86850-0B63-488A-B767-139F5E69E591}.Debug|Any CPU.ActiveCfg = Debug|Any CPU
		{51C86850-0B63-488A-B767-139F5E69E591}.Debug|Any CPU.Build.0 = Debug|Any CPU
		{51C86850-0B63-488A-B767-139F5E69E591}.Release|Any CPU.ActiveCfg = Release|Any CPU
		{51C86850-0B63-488A-B767-139F5E69E591}.Release|Any CPU.Build.0 = Release|Any CPU
	EndGlobalSection
	GlobalSection(SolutionProperties) = preSolution
		HideSolutionNode = FALSE
	EndGlobalSection
	GlobalSection(ExtensibilityGlobals) = postSolution
		SolutionGuid = {04FE5800-F017-4741-8C3F-A55EBC5C2C19}
	EndGlobalSection
EndGlobal
