
Microsoft Visual Studio Solution File, Format Version 12.00
# Visual Studio Version 16
VisualStudioVersion = 16.0.30907.101
MinimumVisualStudioVersion = 10.0.40219.1
Project("{FAE04EC0-301F-11D3-BF4B-00C04F79EFBC}") = "Array (Mid)", "Array (Mid).csproj", "{865CA600-D04B-4B60-B85B-5A6305D106F2}"
EndProject
Global
	GlobalSection(SolutionConfigurationPlatforms) = preSolution
		Debug|Any CPU = Debug|Any CPU
		Release|Any CPU = Release|Any CPU
	EndGlobalSection
	GlobalSection(ProjectConfigurationPlatforms) = postSolution
		{865CA600-D04B-4B60-B85B-5A6305D106F2}.Debug|Any CPU.ActiveCfg = Debug|Any CPU
		{865CA600-D04B-4B60-B85B-5A6305D106F2}.Debug|Any CPU.Build.0 = Debug|Any CPU
		{865CA600-D04B-4B60-B85B-5A6305D106F2}.Release|Any CPU.ActiveCfg = Release|Any CPU
		{865CA600-D04B-4B60-B85B-5A6305D106F2}.Release|Any CPU.Build.0 = Release|Any CPU
	EndGlobalSection
	GlobalSection(SolutionProperties) = preSolution
		HideSolutionNode = FALSE
	EndGlobalSection
	GlobalSection(ExtensibilityGlobals) = postSolution
		SolutionGuid = {38D0E5FF-CF93-4995-B1C4-92E50A5F3ED3}
	EndGlobalSection
EndGlobal
