
Microsoft Visual Studio Solution File, Format Version 12.00
# Visual Studio Version 16
VisualStudioVersion = 16.0.30907.101
MinimumVisualStudioVersion = 10.0.40219.1
Project("{FAE04EC0-301F-11D3-BF4B-00C04F79EFBC}") = "ConsoleApp1", "ConsoleApp1.csproj", "{A2224028-3910-40E6-BCE0-76B64CE1EBAC}"
EndProject
Global
	GlobalSection(SolutionConfigurationPlatforms) = preSolution
		Debug|Any CPU = Debug|Any CPU
		Release|Any CPU = Release|Any CPU
	EndGlobalSection
	GlobalSection(ProjectConfigurationPlatforms) = postSolution
		{A2224028-3910-40E6-BCE0-76B64CE1EBAC}.Debug|Any CPU.ActiveCfg = Debug|Any CPU
		{A2224028-3910-40E6-BCE0-76B64CE1EBAC}.Debug|Any CPU.Build.0 = Debug|Any CPU
		{A2224028-3910-40E6-BCE0-76B64CE1EBAC}.Release|Any CPU.ActiveCfg = Release|Any CPU
		{A2224028-3910-40E6-BCE0-76B64CE1EBAC}.Release|Any CPU.Build.0 = Release|Any CPU
	EndGlobalSection
	GlobalSection(SolutionProperties) = preSolution
		HideSolutionNode = FALSE
	EndGlobalSection
	GlobalSection(ExtensibilityGlobals) = postSolution
		SolutionGuid = {D98DD46E-633C-4594-B7CC-F60FEE31FC7B}
	EndGlobalSection
EndGlobal
