
Microsoft Visual Studio Solution File, Format Version 12.00
# Visual Studio Version 16
VisualStudioVersion = 16.0.30907.101
MinimumVisualStudioVersion = 10.0.40219.1
Project("{FAE04EC0-301F-11D3-BF4B-00C04F79EFBC}") = "EsercizioSuperenalotto", "EsercizioSuperenalotto.csproj", "{80B68607-8C19-469F-A294-093B63F8AF01}"
EndProject
Global
	GlobalSection(SolutionConfigurationPlatforms) = preSolution
		Debug|Any CPU = Debug|Any CPU
		Release|Any CPU = Release|Any CPU
	EndGlobalSection
	GlobalSection(ProjectConfigurationPlatforms) = postSolution
		{80B68607-8C19-469F-A294-093B63F8AF01}.Debug|Any CPU.ActiveCfg = Debug|Any CPU
		{80B68607-8C19-469F-A294-093B63F8AF01}.Debug|Any CPU.Build.0 = Debug|Any CPU
		{80B68607-8C19-469F-A294-093B63F8AF01}.Release|Any CPU.ActiveCfg = Release|Any CPU
		{80B68607-8C19-469F-A294-093B63F8AF01}.Release|Any CPU.Build.0 = Release|Any CPU
	EndGlobalSection
	GlobalSection(SolutionProperties) = preSolution
		HideSolutionNode = FALSE
	EndGlobalSection
	GlobalSection(ExtensibilityGlobals) = postSolution
		SolutionGuid = {E661D722-D395-4DFA-9CD4-C8902C27FB97}
	EndGlobalSection
EndGlobal
