
Microsoft Visual Studio Solution File, Format Version 12.00
# Visual Studio Version 16
VisualStudioVersion = 16.0.30907.101
MinimumVisualStudioVersion = 10.0.40219.1
Project("{FAE04EC0-301F-11D3-BF4B-00C04F79EFBC}") = "I Cicli (2)", "I Cicli (2).csproj", "{18A47C47-DC44-4DCC-83D7-B4CC7E10BF3A}"
EndProject
Global
	GlobalSection(SolutionConfigurationPlatforms) = preSolution
		Debug|Any CPU = Debug|Any CPU
		Release|Any CPU = Release|Any CPU
	EndGlobalSection
	GlobalSection(ProjectConfigurationPlatforms) = postSolution
		{18A47C47-DC44-4DCC-83D7-B4CC7E10BF3A}.Debug|Any CPU.ActiveCfg = Debug|Any CPU
		{18A47C47-DC44-4DCC-83D7-B4CC7E10BF3A}.Debug|Any CPU.Build.0 = Debug|Any CPU
		{18A47C47-DC44-4DCC-83D7-B4CC7E10BF3A}.Release|Any CPU.ActiveCfg = Release|Any CPU
		{18A47C47-DC44-4DCC-83D7-B4CC7E10BF3A}.Release|Any CPU.Build.0 = Release|Any CPU
	EndGlobalSection
	GlobalSection(SolutionProperties) = preSolution
		HideSolutionNode = FALSE
	EndGlobalSection
	GlobalSection(ExtensibilityGlobals) = postSolution
		SolutionGuid = {8611047B-3F64-4A1C-8F43-C6B0F06B775A}
	EndGlobalSection
EndGlobal
