
Microsoft Visual Studio Solution File, Format Version 12.00
# Visual Studio Version 16
VisualStudioVersion = 16.0.30907.101
MinimumVisualStudioVersion = 10.0.40219.1
Project("{FAE04EC0-301F-11D3-BF4B-00C04F79EFBC}") = "Convertitore numero in bit", "Convertitore numero in bit.csproj", "{3F469B7A-08B6-440A-B988-282ACCC65889}"
EndProject
Global
	GlobalSection(SolutionConfigurationPlatforms) = preSolution
		Debug|Any CPU = Debug|Any CPU
		Release|Any CPU = Release|Any CPU
	EndGlobalSection
	GlobalSection(ProjectConfigurationPlatforms) = postSolution
		{3F469B7A-08B6-440A-B988-282ACCC65889}.Debug|Any CPU.ActiveCfg = Debug|Any CPU
		{3F469B7A-08B6-440A-B988-282ACCC65889}.Debug|Any CPU.Build.0 = Debug|Any CPU
		{3F469B7A-08B6-440A-B988-282ACCC65889}.Release|Any CPU.ActiveCfg = Release|Any CPU
		{3F469B7A-08B6-440A-B988-282ACCC65889}.Release|Any CPU.Build.0 = Release|Any CPU
	EndGlobalSection
	GlobalSection(SolutionProperties) = preSolution
		HideSolutionNode = FALSE
	EndGlobalSection
	GlobalSection(ExtensibilityGlobals) = postSolution
		SolutionGuid = {1355F7D4-9B8B-4427-AC3F-5B238BF59BCA}
	EndGlobalSection
EndGlobal
