
Microsoft Visual Studio Solution File, Format Version 12.00
# Visual Studio Version 16
VisualStudioVersion = 16.0.30907.101
MinimumVisualStudioVersion = 10.0.40219.1
Project("{FAE04EC0-301F-11D3-BF4B-00C04F79EFBC}") = "Calcolo dello spazio totale della cartella [System.IO(DirectoryInfo)]", "Calcolo dello spazio utilizzato\Calcolo dello spazio totale della cartella [System.IO(DirectoryInfo)].csproj", "{3D73ACF4-E973-45A6-9413-1CC0567BCEA5}"
EndProject
Global
	GlobalSection(SolutionConfigurationPlatforms) = preSolution
		Debug|Any CPU = Debug|Any CPU
		Release|Any CPU = Release|Any CPU
	EndGlobalSection
	GlobalSection(ProjectConfigurationPlatforms) = postSolution
		{3D73ACF4-E973-45A6-9413-1CC0567BCEA5}.Debug|Any CPU.ActiveCfg = Debug|Any CPU
		{3D73ACF4-E973-45A6-9413-1CC0567BCEA5}.Debug|Any CPU.Build.0 = Debug|Any CPU
		{3D73ACF4-E973-45A6-9413-1CC0567BCEA5}.Release|Any CPU.ActiveCfg = Release|Any CPU
		{3D73ACF4-E973-45A6-9413-1CC0567BCEA5}.Release|Any CPU.Build.0 = Release|Any CPU
	EndGlobalSection
	GlobalSection(SolutionProperties) = preSolution
		HideSolutionNode = FALSE
	EndGlobalSection
	GlobalSection(ExtensibilityGlobals) = postSolution
		SolutionGuid = {7E696BFE-9596-47C6-9147-B7A705E09CFB}
	EndGlobalSection
EndGlobal
