
Microsoft Visual Studio Solution File, Format Version 12.00
# Visual Studio Version 16
VisualStudioVersion = 16.0.30907.101
MinimumVisualStudioVersion = 10.0.40219.1
Project("{FAE04EC0-301F-11D3-BF4B-00C04F79EFBC}") = "Trovare lettere in una parola(IF_ELSE) con Metodi", "Trovare lettere in una parola(IF_ELSE) con Metodi\Trovare lettere in una parola(IF_ELSE) con Metodi.csproj", "{7FB2E680-B35A-4B51-B3D8-74CAA4CE9109}"
EndProject
Global
	GlobalSection(SolutionConfigurationPlatforms) = preSolution
		Debug|Any CPU = Debug|Any CPU
		Release|Any CPU = Release|Any CPU
	EndGlobalSection
	GlobalSection(ProjectConfigurationPlatforms) = postSolution
		{7FB2E680-B35A-4B51-B3D8-74CAA4CE9109}.Debug|Any CPU.ActiveCfg = Debug|Any CPU
		{7FB2E680-B35A-4B51-B3D8-74CAA4CE9109}.Debug|Any CPU.Build.0 = Debug|Any CPU
		{7FB2E680-B35A-4B51-B3D8-74CAA4CE9109}.Release|Any CPU.ActiveCfg = Release|Any CPU
		{7FB2E680-B35A-4B51-B3D8-74CAA4CE9109}.Release|Any CPU.Build.0 = Release|Any CPU
	EndGlobalSection
	GlobalSection(SolutionProperties) = preSolution
		HideSolutionNode = FALSE
	EndGlobalSection
	GlobalSection(ExtensibilityGlobals) = postSolution
		SolutionGuid = {078DC6B1-A15D-471E-8064-FD438D450BD4}
	EndGlobalSection
EndGlobal
