
Microsoft Visual Studio Solution File, Format Version 12.00
# Visual Studio Version 16
VisualStudioVersion = 16.0.30907.101
MinimumVisualStudioVersion = 10.0.40219.1
Project("{FAE04EC0-301F-11D3-BF4B-00C04F79EFBC}") = "OOP_polimorfismo", "OOP_polimorfismo.csproj", "{AE38B7BD-D5DF-4426-BDF6-2AE3551AB53F}"
EndProject
Global
	GlobalSection(SolutionConfigurationPlatforms) = preSolution
		Debug|Any CPU = Debug|Any CPU
		Release|Any CPU = Release|Any CPU
	EndGlobalSection
	GlobalSection(ProjectConfigurationPlatforms) = postSolution
		{AE38B7BD-D5DF-4426-BDF6-2AE3551AB53F}.Debug|Any CPU.ActiveCfg = Debug|Any CPU
		{AE38B7BD-D5DF-4426-BDF6-2AE3551AB53F}.Debug|Any CPU.Build.0 = Debug|Any CPU
		{AE38B7BD-D5DF-4426-BDF6-2AE3551AB53F}.Release|Any CPU.ActiveCfg = Release|Any CPU
		{AE38B7BD-D5DF-4426-BDF6-2AE3551AB53F}.Release|Any CPU.Build.0 = Release|Any CPU
	EndGlobalSection
	GlobalSection(SolutionProperties) = preSolution
		HideSolutionNode = FALSE
	EndGlobalSection
	GlobalSection(ExtensibilityGlobals) = postSolution
		SolutionGuid = {2F5CBF5D-7B10-4C5F-93CE-77161A4495A5}
	EndGlobalSection
EndGlobal
