
Microsoft Visual Studio Solution File, Format Version 12.00
# Visual Studio Version 16
VisualStudioVersion = 16.0.30907.101
MinimumVisualStudioVersion = 10.0.40219.1
Project("{FAE04EC0-301F-11D3-BF4B-00C04F79EFBC}") = "Classi_Nidificate", "Classi_Nidificate.csproj", "{C82B38BC-0D38-4612-AB98-58D1B0ED881B}"
EndProject
Global
	GlobalSection(SolutionConfigurationPlatforms) = preSolution
		Debug|Any CPU = Debug|Any CPU
		Release|Any CPU = Release|Any CPU
	EndGlobalSection
	GlobalSection(ProjectConfigurationPlatforms) = postSolution
		{C82B38BC-0D38-4612-AB98-58D1B0ED881B}.Debug|Any CPU.ActiveCfg = Debug|Any CPU
		{C82B38BC-0D38-4612-AB98-58D1B0ED881B}.Debug|Any CPU.Build.0 = Debug|Any CPU
		{C82B38BC-0D38-4612-AB98-58D1B0ED881B}.Release|Any CPU.ActiveCfg = Release|Any CPU
		{C82B38BC-0D38-4612-AB98-58D1B0ED881B}.Release|Any CPU.Build.0 = Release|Any CPU
	EndGlobalSection
	GlobalSection(SolutionProperties) = preSolution
		HideSolutionNode = FALSE
	EndGlobalSection
	GlobalSection(ExtensibilityGlobals) = postSolution
		SolutionGuid = {FB82FBE7-CE2C-42A3-8974-0E1EA862A8C2}
	EndGlobalSection
EndGlobal
