
Microsoft Visual Studio Solution File, Format Version 12.00
# Visual Studio Version 16
VisualStudioVersion = 16.0.30907.101
MinimumVisualStudioVersion = 10.0.40219.1
Project("{FAE04EC0-301F-11D3-BF4B-00C04F79EFBC}") = "Triangoli", "Triangoli\Triangoli.csproj", "{0B8CF477-627C-4DD1-985F-4B81924BF6BC}"
EndProject
Global
	GlobalSection(SolutionConfigurationPlatforms) = preSolution
		Debug|Any CPU = Debug|Any CPU
		Release|Any CPU = Release|Any CPU
	EndGlobalSection
	GlobalSection(ProjectConfigurationPlatforms) = postSolution
		{0B8CF477-627C-4DD1-985F-4B81924BF6BC}.Debug|Any CPU.ActiveCfg = Debug|Any CPU
		{0B8CF477-627C-4DD1-985F-4B81924BF6BC}.Debug|Any CPU.Build.0 = Debug|Any CPU
		{0B8CF477-627C-4DD1-985F-4B81924BF6BC}.Release|Any CPU.ActiveCfg = Release|Any CPU
		{0B8CF477-627C-4DD1-985F-4B81924BF6BC}.Release|Any CPU.Build.0 = Release|Any CPU
	EndGlobalSection
	GlobalSection(SolutionProperties) = preSolution
		HideSolutionNode = FALSE
	EndGlobalSection
	GlobalSection(ExtensibilityGlobals) = postSolution
		SolutionGuid = {710BCC5F-2554-47D4-B03D-3A2473390F1C}
	EndGlobalSection
EndGlobal
