
Microsoft Visual Studio Solution File, Format Version 12.00
# Visual Studio Version 16
VisualStudioVersion = 16.0.30907.101
MinimumVisualStudioVersion = 10.0.40219.1
Project("{FAE04EC0-301F-11D3-BF4B-00C04F79EFBC}") = "Esercizi for (3)", "Esercizi for (3).csproj", "{DDB7DF29-B1A9-4101-90DC-88C4E5722DA2}"
EndProject
Global
	GlobalSection(SolutionConfigurationPlatforms) = preSolution
		Debug|Any CPU = Debug|Any CPU
		Release|Any CPU = Release|Any CPU
	EndGlobalSection
	GlobalSection(ProjectConfigurationPlatforms) = postSolution
		{DDB7DF29-B1A9-4101-90DC-88C4E5722DA2}.Debug|Any CPU.ActiveCfg = Debug|Any CPU
		{DDB7DF29-B1A9-4101-90DC-88C4E5722DA2}.Debug|Any CPU.Build.0 = Debug|Any CPU
		{DDB7DF29-B1A9-4101-90DC-88C4E5722DA2}.Release|Any CPU.ActiveCfg = Release|Any CPU
		{DDB7DF29-B1A9-4101-90DC-88C4E5722DA2}.Release|Any CPU.Build.0 = Release|Any CPU
	EndGlobalSection
	GlobalSection(SolutionProperties) = preSolution
		HideSolutionNode = FALSE
	EndGlobalSection
	GlobalSection(ExtensibilityGlobals) = postSolution
		SolutionGuid = {8E535A45-D3F8-4500-873A-C024FABD848F}
	EndGlobalSection
EndGlobal
