
Microsoft Visual Studio Solution File, Format Version 12.00
# Visual Studio Version 16
VisualStudioVersion = 16.0.30907.101
MinimumVisualStudioVersion = 10.0.40219.1
Project("{FAE04EC0-301F-11D3-BF4B-00C04F79EFBC}") = "OOP_costruttori", "OOP_costruttori.csproj", "{1308DFE2-2D22-44A1-A2A2-19B3CE84466C}"
EndProject
Global
	GlobalSection(SolutionConfigurationPlatforms) = preSolution
		Debug|Any CPU = Debug|Any CPU
		Release|Any CPU = Release|Any CPU
	EndGlobalSection
	GlobalSection(ProjectConfigurationPlatforms) = postSolution
		{1308DFE2-2D22-44A1-A2A2-19B3CE84466C}.Debug|Any CPU.ActiveCfg = Debug|Any CPU
		{1308DFE2-2D22-44A1-A2A2-19B3CE84466C}.Debug|Any CPU.Build.0 = Debug|Any CPU
		{1308DFE2-2D22-44A1-A2A2-19B3CE84466C}.Release|Any CPU.ActiveCfg = Release|Any CPU
		{1308DFE2-2D22-44A1-A2A2-19B3CE84466C}.Release|Any CPU.Build.0 = Release|Any CPU
	EndGlobalSection
	GlobalSection(SolutionProperties) = preSolution
		HideSolutionNode = FALSE
	EndGlobalSection
	GlobalSection(ExtensibilityGlobals) = postSolution
		SolutionGuid = {1597F772-F25E-442A-81F8-21A9C1EBEFF1}
	EndGlobalSection
EndGlobal
