
Microsoft Visual Studio Solution File, Format Version 12.00
# Visual Studio Version 16
VisualStudioVersion = 16.0.30907.101
MinimumVisualStudioVersion = 10.0.40219.1
Project("{FAE04EC0-301F-11D3-BF4B-00C04F79EFBC}") = "Trovare lettere in una parola (IF-ELSE)", "Trovare lettere in una parola (IF-ELSE)\Trovare lettere in una parola (IF-ELSE).csproj", "{1DECEC02-42F1-4B44-A820-50EE510CB9EB}"
EndProject
Global
	GlobalSection(SolutionConfigurationPlatforms) = preSolution
		Debug|Any CPU = Debug|Any CPU
		Release|Any CPU = Release|Any CPU
	EndGlobalSection
	GlobalSection(ProjectConfigurationPlatforms) = postSolution
		{1DECEC02-42F1-4B44-A820-50EE510CB9EB}.Debug|Any CPU.ActiveCfg = Debug|Any CPU
		{1DECEC02-42F1-4B44-A820-50EE510CB9EB}.Debug|Any CPU.Build.0 = Debug|Any CPU
		{1DECEC02-42F1-4B44-A820-50EE510CB9EB}.Release|Any CPU.ActiveCfg = Release|Any CPU
		{1DECEC02-42F1-4B44-A820-50EE510CB9EB}.Release|Any CPU.Build.0 = Release|Any CPU
	EndGlobalSection
	GlobalSection(SolutionProperties) = preSolution
		HideSolutionNode = FALSE
	EndGlobalSection
	GlobalSection(ExtensibilityGlobals) = postSolution
		SolutionGuid = {4F945113-8432-4991-9B72-84443E174E18}
	EndGlobalSection
EndGlobal
