
Microsoft Visual Studio Solution File, Format Version 12.00
# Visual Studio Version 16
VisualStudioVersion = 16.0.30907.101
MinimumVisualStudioVersion = 10.0.40219.1
Project("{9A19103F-16F7-4668-BE54-9A1E7A4F7556}") = "Modalità di output delle variabili", "Esercizi 2\Esercizio 2\Modalità di output delle variabili.csproj", "{CBA32F69-A707-4DC0-BF51-B8AE0BC7447D}"
EndProject
Global
	GlobalSection(SolutionConfigurationPlatforms) = preSolution
		Debug|Any CPU = Debug|Any CPU
		Release|Any CPU = Release|Any CPU
	EndGlobalSection
	GlobalSection(ProjectConfigurationPlatforms) = postSolution
		{CBA32F69-A707-4DC0-BF51-B8AE0BC7447D}.Debug|Any CPU.ActiveCfg = Debug|Any CPU
		{CBA32F69-A707-4DC0-BF51-B8AE0BC7447D}.Debug|Any CPU.Build.0 = Debug|Any CPU
		{CBA32F69-A707-4DC0-BF51-B8AE0BC7447D}.Release|Any CPU.ActiveCfg = Release|Any CPU
		{CBA32F69-A707-4DC0-BF51-B8AE0BC7447D}.Release|Any CPU.Build.0 = Release|Any CPU
	EndGlobalSection
	GlobalSection(SolutionProperties) = preSolution
		HideSolutionNode = FALSE
	EndGlobalSection
	GlobalSection(ExtensibilityGlobals) = postSolution
		SolutionGuid = {8E1F5D4E-EE1E-47C8-8A26-8B0D01A3117B}
	EndGlobalSection
EndGlobal
