
Microsoft Visual Studio Solution File, Format Version 12.00
# Visual Studio Version 16
VisualStudioVersion = 16.0.30907.101
MinimumVisualStudioVersion = 10.0.40219.1
Project("{FAE04EC0-301F-11D3-BF4B-00C04F79EFBC}") = "Calcolo fattoriale", "Calcolo fattoriale.csproj", "{498A2306-52F0-4D91-9FAB-126E1B8537B4}"
EndProject
Global
	GlobalSection(SolutionConfigurationPlatforms) = preSolution
		Debug|Any CPU = Debug|Any CPU
		Release|Any CPU = Release|Any CPU
	EndGlobalSection
	GlobalSection(ProjectConfigurationPlatforms) = postSolution
		{498A2306-52F0-4D91-9FAB-126E1B8537B4}.Debug|Any CPU.ActiveCfg = Debug|Any CPU
		{498A2306-52F0-4D91-9FAB-126E1B8537B4}.Debug|Any CPU.Build.0 = Debug|Any CPU
		{498A2306-52F0-4D91-9FAB-126E1B8537B4}.Release|Any CPU.ActiveCfg = Release|Any CPU
		{498A2306-52F0-4D91-9FAB-126E1B8537B4}.Release|Any CPU.Build.0 = Release|Any CPU
	EndGlobalSection
	GlobalSection(SolutionProperties) = preSolution
		HideSolutionNode = FALSE
	EndGlobalSection
	GlobalSection(ExtensibilityGlobals) = postSolution
		SolutionGuid = {8B2AE300-A3A1-4F53-9C88-4E9D04831F43}
	EndGlobalSection
EndGlobal
